
Microsoft Visual Studio Solution File, Format Version 12.00
# Visual Studio Version 16
VisualStudioVersion = 25.0.1706.0
MinimumVisualStudioVersion = 10.0.40219.1
Project("{FAE04EC0-301F-11D3-BF4B-00C04F79EFBC}") = "JwtAuthApi", "JwtAuthApi\JwtAuthApi.csproj", "{468CF3C2-75C7-4EFF-B0AF-55109C258AC8}"
EndProject
Global
	GlobalSection(SolutionConfigurationPlatforms) = preSolution
		Debug|Any CPU = Debug|Any CPU
		Release|Any CPU = Release|Any CPU
	EndGlobalSection
	GlobalSection(ProjectConfigurationPlatforms) = postSolution
		{468CF3C2-75C7-4EFF-B0AF-55109C258AC8}.Debug|Any CPU.ActiveCfg = Debug|Any CPU
		{468CF3C2-75C7-4EFF-B0AF-55109C258AC8}.Debug|Any CPU.Build.0 = Debug|Any CPU
		{468CF3C2-75C7-4EFF-B0AF-55109C258AC8}.Release|Any CPU.ActiveCfg = Release|Any CPU
		{468CF3C2-75C7-4EFF-B0AF-55109C258AC8}.Release|Any CPU.Build.0 = Release|Any CPU
	EndGlobalSection
	GlobalSection(SolutionProperties) = preSolution
		HideSolutionNode = FALSE
	EndGlobalSection
	GlobalSection(ExtensibilityGlobals) = postSolution
		SolutionGuid = {F7336776-4AEA-4817-8B67-03E6BCA99F3A}
	EndGlobalSection
EndGlobal
